
Microsoft Visual Studio Solution File, Format Version 12.00
# Visual Studio Version 16
VisualStudioVersion = 16.0.30907.101
MinimumVisualStudioVersion = 10.0.40219.1
Project("{FAE04EC0-301F-11D3-BF4B-00C04F79EFBC}") = "JWTappbase.api", "JWTappbase.api\JWTappbase.api.csproj", "{BF6EEF6F-C969-464A-8F10-060FA9F90603}"
EndProject
Global
	GlobalSection(SolutionConfigurationPlatforms) = preSolution
		Debug|Any CPU = Debug|Any CPU
		Release|Any CPU = Release|Any CPU
	EndGlobalSection
	GlobalSection(ProjectConfigurationPlatforms) = postSolution
		{BF6EEF6F-C969-464A-8F10-060FA9F90603}.Debug|Any CPU.ActiveCfg = Debug|Any CPU
		{BF6EEF6F-C969-464A-8F10-060FA9F90603}.Debug|Any CPU.Build.0 = Debug|Any CPU
		{BF6EEF6F-C969-464A-8F10-060FA9F90603}.Release|Any CPU.ActiveCfg = Release|Any CPU
		{BF6EEF6F-C969-464A-8F10-060FA9F90603}.Release|Any CPU.Build.0 = Release|Any CPU
	EndGlobalSection
	GlobalSection(SolutionProperties) = preSolution
		HideSolutionNode = FALSE
	EndGlobalSection
	GlobalSection(ExtensibilityGlobals) = postSolution
		SolutionGuid = {399CBA6A-1B77-4A49-B4AE-3D726085A123}
	EndGlobalSection
EndGlobal
